
Microsoft Visual Studio Solution File, Format Version 12.00
# Visual Studio Version 16
VisualStudioVersion = 16.0.30717.126
MinimumVisualStudioVersion = 10.0.40219.1
Project("{9A19103F-16F7-4668-BE54-9A1E7A4F7556}") = "ReadApi", "ReadApi\ReadApi.csproj", "{B27FD655-922D-4301-B647-6291D5DD99D0}"
EndProject
Project("{9A19103F-16F7-4668-BE54-9A1E7A4F7556}") = "Database", "ClassLibrary1\Database.csproj", "{E1E11D11-6959-4706-B003-50394F12F8AA}"
EndProject
Project("{FAE04EC0-301F-11D3-BF4B-00C04F79EFBC}") = "WriteApi", "WriteApi\WriteApi.csproj", "{952BD37C-8420-4949-903D-4EADC17DB35A}"
EndProject
Project("{FAE04EC0-301F-11D3-BF4B-00C04F79EFBC}") = "UpdateApi", "UpdateApi\UpdateApi.csproj", "{F2DC5298-B249-4C3C-8568-38DE5C0EEAF9}"
EndProject
Global
	GlobalSection(SolutionConfigurationPlatforms) = preSolution
		Debug|Any CPU = Debug|Any CPU
		Release|Any CPU = Release|Any CPU
	EndGlobalSection
	GlobalSection(ProjectConfigurationPlatforms) = postSolution
		{B27FD655-922D-4301-B647-6291D5DD99D0}.Debug|Any CPU.ActiveCfg = Debug|Any CPU
		{B27FD655-922D-4301-B647-6291D5DD99D0}.Debug|Any CPU.Build.0 = Debug|Any CPU
		{B27FD655-922D-4301-B647-6291D5DD99D0}.Release|Any CPU.ActiveCfg = Release|Any CPU
		{B27FD655-922D-4301-B647-6291D5DD99D0}.Release|Any CPU.Build.0 = Release|Any CPU
		{E1E11D11-6959-4706-B003-50394F12F8AA}.Debug|Any CPU.ActiveCfg = Debug|Any CPU
		{E1E11D11-6959-4706-B003-50394F12F8AA}.Debug|Any CPU.Build.0 = Debug|Any CPU
		{E1E11D11-6959-4706-B003-50394F12F8AA}.Release|Any CPU.ActiveCfg = Release|Any CPU
		{E1E11D11-6959-4706-B003-50394F12F8AA}.Release|Any CPU.Build.0 = Release|Any CPU
		{952BD37C-8420-4949-903D-4EADC17DB35A}.Debug|Any CPU.ActiveCfg = Debug|Any CPU
		{952BD37C-8420-4949-903D-4EADC17DB35A}.Debug|Any CPU.Build.0 = Debug|Any CPU
		{952BD37C-8420-4949-903D-4EADC17DB35A}.Release|Any CPU.ActiveCfg = Release|Any CPU
		{952BD37C-8420-4949-903D-4EADC17DB35A}.Release|Any CPU.Build.0 = Release|Any CPU
		{F2DC5298-B249-4C3C-8568-38DE5C0EEAF9}.Debug|Any CPU.ActiveCfg = Debug|Any CPU
		{F2DC5298-B249-4C3C-8568-38DE5C0EEAF9}.Debug|Any CPU.Build.0 = Debug|Any CPU
		{F2DC5298-B249-4C3C-8568-38DE5C0EEAF9}.Release|Any CPU.ActiveCfg = Release|Any CPU
		{F2DC5298-B249-4C3C-8568-38DE5C0EEAF9}.Release|Any CPU.Build.0 = Release|Any CPU
	EndGlobalSection
	GlobalSection(SolutionProperties) = preSolution
		HideSolutionNode = FALSE
	EndGlobalSection
	GlobalSection(ExtensibilityGlobals) = postSolution
		SolutionGuid = {A38D4F92-C8F1-422E-9497-3425EB85CEC4}
	EndGlobalSection
EndGlobal
